
Microsoft Visual Studio Solution File, Format Version 12.00
# Visual Studio 15
VisualStudioVersion = 15.0.28307.1972
MinimumVisualStudioVersion = 10.0.40219.1
Project("{8BC9CEB8-8B4A-11D0-8D11-00A0C91BC942}") = "Project5", "Project5\Project5.vcxproj", "{769649FE-16F8-42EE-9792-2D8C38B14711}"
EndProject
Global
	GlobalSection(SolutionConfigurationPlatforms) = preSolution
		Debug|x64 = Debug|x64
		Debug|x86 = Debug|x86
		Release|x64 = Release|x64
		Release|x86 = Release|x86
	EndGlobalSection
	GlobalSection(ProjectConfigurationPlatforms) = postSolution
		{769649FE-16F8-42EE-9792-2D8C38B14711}.Debug|x64.ActiveCfg = Debug|x64
		{769649FE-16F8-42EE-9792-2D8C38B14711}.Debug|x64.Build.0 = Debug|x64
		{769649FE-16F8-42EE-9792-2D8C38B14711}.Debug|x86.ActiveCfg = Debug|Win32
		{769649FE-16F8-42EE-9792-2D8C38B14711}.Debug|x86.Build.0 = Debug|Win32
		{769649FE-16F8-42EE-9792-2D8C38B14711}.Release|x64.ActiveCfg = Release|x64
		{769649FE-16F8-42EE-9792-2D8C38B14711}.Release|x64.Build.0 = Release|x64
		{769649FE-16F8-42EE-9792-2D8C38B14711}.Release|x86.ActiveCfg = Release|Win32
		{769649FE-16F8-42EE-9792-2D8C38B14711}.Release|x86.Build.0 = Release|Win32
	EndGlobalSection
	GlobalSection(SolutionProperties) = preSolution
		HideSolutionNode = FALSE
	EndGlobalSection
	GlobalSection(ExtensibilityGlobals) = postSolution
		SolutionGuid = {F54CDC98-FD8C-49A5-8B5F-2D46142D7945}
	EndGlobalSection
EndGlobal
